
Microsoft Visual Studio Solution File, Format Version 12.00
# Visual Studio Version 17
VisualStudioVersion = 17.6.33829.357
MinimumVisualStudioVersion = 10.0.40219.1
Project("{FAE04EC0-301F-11D3-BF4B-00C04F79EFBC}") = "DecimalVariables2", "DecimalVariables2\DecimalVariables2.csproj", "{F5A6124B-ED5B-4302-9C71-A13B9D387F1B}"
EndProject
Global
	GlobalSection(SolutionConfigurationPlatforms) = preSolution
		Debug|Any CPU = Debug|Any CPU
		Release|Any CPU = Release|Any CPU
	EndGlobalSection
	GlobalSection(ProjectConfigurationPlatforms) = postSolution
		{F5A6124B-ED5B-4302-9C71-A13B9D387F1B}.Debug|Any CPU.ActiveCfg = Debug|Any CPU
		{F5A6124B-ED5B-4302-9C71-A13B9D387F1B}.Debug|Any CPU.Build.0 = Debug|Any CPU
		{F5A6124B-ED5B-4302-9C71-A13B9D387F1B}.Release|Any CPU.ActiveCfg = Release|Any CPU
		{F5A6124B-ED5B-4302-9C71-A13B9D387F1B}.Release|Any CPU.Build.0 = Release|Any CPU
	EndGlobalSection
	GlobalSection(SolutionProperties) = preSolution
		HideSolutionNode = FALSE
	EndGlobalSection
	GlobalSection(ExtensibilityGlobals) = postSolution
		SolutionGuid = {79603A99-1224-47A7-A00A-4C831A554132}
	EndGlobalSection
EndGlobal
